// !$*UTF8*$!
{
	archiveVersion = 1;
	classes = {
	};
	objectVersion = 50;
	objects = {

/* Begin PBXBuildFile section */
		04BDF3F522CB374F0014CA94 /* AppDelegate.swift in Sources */ = {isa = PBXBuildFile; fileRef = 04BDF3F422CB374F0014CA94 /* AppDelegate.swift */; };
		04BDF3F722CB374F0014CA94 /* ViewController.swift in Sources */ = {isa = PBXBuildFile; fileRef = 04BDF3F622CB374F0014CA94 /* ViewController.swift */; };
		04BDF3FA22CB374F0014CA94 /* Main.storyboard in Resources */ = {isa = PBXBuildFile; fileRef = 04BDF3F822CB374F0014CA94 /* Main.storyboard */; };
		04BDF3FC22CB37510014CA94 /* Assets.xcassets in Resources */ = {isa = PBXBuildFile; fileRef = 04BDF3FB22CB37510014CA94 /* Assets.xcassets */; };
		04BDF3FF22CB37510014CA94 /* LaunchScreen.storyboard in Resources */ = {isa = PBXBuildFile; fileRef = 04BDF3FD22CB37510014CA94 /* LaunchScreen.storyboard */; };
		04BDF40722CB4E850014CA94 /* ResizableBubble.swift in Sources */ = {isa = PBXBuildFile; fileRef = 04BDF40622CB4E850014CA94 /* ResizableBubble.swift */; };
		04BDF40922CB5B8C0014CA94 /* SASliderLeft.swift in Sources */ = {isa = PBXBuildFile; fileRef = 04BDF40822CB5B8C0014CA94 /* SASliderLeft.swift */; };
		04BDF40B22CB61C80014CA94 /* SASliderRight.swift in Sources */ = {isa = PBXBuildFile; fileRef = 04BDF40A22CB61C80014CA94 /* SASliderRight.swift */; };
		04BDF40D22CB622D0014CA94 /* SARangeSliderView.swift in Sources */ = {isa = PBXBuildFile; fileRef = 04BDF40C22CB622D0014CA94 /* SARangeSliderView.swift */; };
		04BDF41122CB84060014CA94 /* thaiPhuketKaronBeach.MOV in Resources */ = {isa = PBXBuildFile; fileRef = 04BDF41022CB84060014CA94 /* thaiPhuketKaronBeach.MOV */; };
/* End PBXBuildFile section */

/* Begin PBXFileReference section */
		04BDF3F122CB374F0014CA94 /* ContentHuggin.app */ = {isa = PBXFileReference; explicitFileType = wrapper.application; includeInIndex = 0; path = ContentHuggin.app; sourceTree = BUILT_PRODUCTS_DIR; };
		04BDF3F422CB374F0014CA94 /* AppDelegate.swift */ = {isa = PBXFileReference; lastKnownFileType = sourcecode.swift; path = AppDelegate.swift; sourceTree = "<group>"; };
		04BDF3F622CB374F0014CA94 /* ViewController.swift */ = {isa = PBXFileReference; lastKnownFileType = sourcecode.swift; path = ViewController.swift; sourceTree = "<group>"; };
		04BDF3F922CB374F0014CA94 /* Base */ = {isa = PBXFileReference; lastKnownFileType = file.storyboard; name = Base; path = Base.lproj/Main.storyboard; sourceTree = "<group>"; };
		04BDF3FB22CB37510014CA94 /* Assets.xcassets */ = {isa = PBXFileReference; lastKnownFileType = folder.assetcatalog; path = Assets.xcassets; sourceTree = "<group>"; };
		04BDF3FE22CB37510014CA94 /* Base */ = {isa = PBXFileReference; lastKnownFileType = file.storyboard; name = Base; path = Base.lproj/LaunchScreen.storyboard; sourceTree = "<group>"; };
		04BDF40022CB37510014CA94 /* Info.plist */ = {isa = PBXFileReference; lastKnownFileType = text.plist.xml; path = Info.plist; sourceTree = "<group>"; };
		04BDF40622CB4E850014CA94 /* ResizableBubble.swift */ = {isa = PBXFileReference; lastKnownFileType = sourcecode.swift; path = ResizableBubble.swift; sourceTree = "<group>"; };
		04BDF40822CB5B8C0014CA94 /* SASliderLeft.swift */ = {isa = PBXFileReference; lastKnownFileType = sourcecode.swift; path = SASliderLeft.swift; sourceTree = "<group>"; };
		04BDF40A22CB61C80014CA94 /* SASliderRight.swift */ = {isa = PBXFileReference; lastKnownFileType = sourcecode.swift; path = SASliderRight.swift; sourceTree = "<group>"; };
		04BDF40C22CB622D0014CA94 /* SARangeSliderView.swift */ = {isa = PBXFileReference; lastKnownFileType = sourcecode.swift; path = SARangeSliderView.swift; sourceTree = "<group>"; };
		04BDF41022CB84060014CA94 /* thaiPhuketKaronBeach.MOV */ = {isa = PBXFileReference; lastKnownFileType = video.quicktime; path = thaiPhuketKaronBeach.MOV; sourceTree = "<group>"; };
/* End PBXFileReference section */

/* Begin PBXFrameworksBuildPhase section */
		04BDF3EE22CB374F0014CA94 /* Frameworks */ = {
			isa = PBXFrameworksBuildPhase;
			buildActionMask = 2147483647;
			files = (
			);
			runOnlyForDeploymentPostprocessing = 0;
		};
/* End PBXFrameworksBuildPhase section */

/* Begin PBXGroup section */
		04BDF3E822CB374F0014CA94 = {
			isa = PBXGroup;
			children = (
				04BDF3F322CB374F0014CA94 /* ContentHuggin */,
				04BDF3F222CB374F0014CA94 /* Products */,
			);
			sourceTree = "<group>";
		};
		04BDF3F222CB374F0014CA94 /* Products */ = {
			isa = PBXGroup;
			children = (
				04BDF3F122CB374F0014CA94 /* ContentHuggin.app */,
			);
			name = Products;
			sourceTree = "<group>";
		};
		04BDF3F322CB374F0014CA94 /* ContentHuggin */ = {
			isa = PBXGroup;
			children = (
				04BDF41022CB84060014CA94 /* thaiPhuketKaronBeach.MOV */,
				04BDF3F422CB374F0014CA94 /* AppDelegate.swift */,
				04BDF3F622CB374F0014CA94 /* ViewController.swift */,
				04BDF40622CB4E850014CA94 /* ResizableBubble.swift */,
				04BDF40822CB5B8C0014CA94 /* SASliderLeft.swift */,
				04BDF40A22CB61C80014CA94 /* SASliderRight.swift */,
				04BDF40C22CB622D0014CA94 /* SARangeSliderView.swift */,
				04BDF3F822CB374F0014CA94 /* Main.storyboard */,
				04BDF3FB22CB37510014CA94 /* Assets.xcassets */,
				04BDF3FD22CB37510014CA94 /* LaunchScreen.storyboard */,
				04BDF40022CB37510014CA94 /* Info.plist */,
			);
			path = ContentHuggin;
			sourceTree = "<group>";
		};
/* End PBXGroup section */

/* Begin PBXNativeTarget section */
		04BDF3F022CB374F0014CA94 /* ContentHuggin */ = {
			isa = PBXNativeTarget;
			buildConfigurationList = 04BDF40322CB37510014CA94 /* Build configuration list for PBXNativeTarget "ContentHuggin" */;
			buildPhases = (
				04BDF3ED22CB374F0014CA94 /* Sources */,
				04BDF3EE22CB374F0014CA94 /* Frameworks */,
				04BDF3EF22CB374F0014CA94 /* Resources */,
			);
			buildRules = (
			);
			dependencies = (
			);
			name = ContentHuggin;
			productName = ContentHuggin;
			productReference = 04BDF3F122CB374F0014CA94 /* ContentHuggin.app */;
			productType = "com.apple.product-type.application";
		};
/* End PBXNativeTarget section */

/* Begin PBXProject section */
		04BDF3E922CB374F0014CA94 /* Project object */ = {
			isa = PBXProject;
			attributes = {
				LastSwiftUpdateCheck = 1020;
				LastUpgradeCheck = 1020;
				ORGANIZATIONNAME = Sigma;
				TargetAttributes = {
					04BDF3F022CB374F0014CA94 = {
						CreatedOnToolsVersion = 10.2;
					};
				};
			};
			buildConfigurationList = 04BDF3EC22CB374F0014CA94 /* Build configuration list for PBXProject "ContentHuggin" */;
			compatibilityVersion = "Xcode 9.3";
			developmentRegion = en;
			hasScannedForEncodings = 0;
			knownRegions = (
				en,
				Base,
			);
			mainGroup = 04BDF3E822CB374F0014CA94;
			productRefGroup = 04BDF3F222CB374F0014CA94 /* Products */;
			projectDirPath = "";
			projectRoot = "";
			targets = (
				04BDF3F022CB374F0014CA94 /* ContentHuggin */,
			);
		};
/* End PBXProject section */

/* Begin PBXResourcesBuildPhase section */
		04BDF3EF22CB374F0014CA94 /* Resources */ = {
			isa = PBXResourcesBuildPhase;
			buildActionMask = 2147483647;
			files = (
				04BDF3FF22CB37510014CA94 /* LaunchScreen.storyboard in Resources */,
				04BDF41122CB84060014CA94 /* thaiPhuketKaronBeach.MOV in Resources */,
				04BDF3FC22CB37510014CA94 /* Assets.xcassets in Resources */,
				04BDF3FA22CB374F0014CA94 /* Main.storyboard in Resources */,
			);
			runOnlyForDeploymentPostprocessing = 0;
		};
/* End PBXResourcesBuildPhase section */

/* Begin PBXSourcesBuildPhase section */
		04BDF3ED22CB374F0014CA94 /* Sources */ = {
			isa = PBXSourcesBuildPhase;
			buildActionMask = 2147483647;
			files = (
				04BDF3F722CB374F0014CA94 /* ViewController.swift in Sources */,
				04BDF3F522CB374F0014CA94 /* AppDelegate.swift in Sources */,
				04BDF40722CB4E850014CA94 /* ResizableBubble.swift in Sources */,
				04BDF40D22CB622D0014CA94 /* SARangeSliderView.swift in Sources */,
				04BDF40922CB5B8C0014CA94 /* SASliderLeft.swift in Sources */,
				04BDF40B22CB61C80014CA94 /* SASliderRight.swift in Sources */,
			);
			runOnlyForDeploymentPostprocessing = 0;
		};
/* End PBXSourcesBuildPhase section */

/* Begin PBXVariantGroup section */
		04BDF3F822CB374F0014CA94 /* Main.storyboard */ = {
			isa = PBXVariantGroup;
			children = (
				04BDF3F922CB374F0014CA94 /* Base */,
			);
			name = Main.storyboard;
			sourceTree = "<group>";
		};
		04BDF3FD22CB37510014CA94 /* LaunchScreen.storyboard */ = {
			isa = PBXVariantGroup;
			children = (
				04BDF3FE22CB37510014CA94 /* Base */,
			);
			name = LaunchScreen.storyboard;
			sourceTree = "<group>";
		};
/* End PBXVariantGroup section */

/* Begin XCBuildConfiguration section */
		04BDF40122CB37510014CA94 /* Debug */ = {
			isa = XCBuildConfiguration;
			buildSettings = {
				ALWAYS_SEARCH_USER_PATHS = NO;
				CLANG_ANALYZER_NONNULL = YES;
				CLANG_ANALYZER_NUMBER_OBJECT_CONVERSION = YES_AGGRESSIVE;
				CLANG_CXX_LANGUAGE_STANDARD = "gnu++14";
				CLANG_CXX_LIBRARY = "libc++";
				CLANG_ENABLE_MODULES = YES;
				CLANG_ENABLE_OBJC_ARC = YES;
				CLANG_ENABLE_OBJC_WEAK = YES;
				CLANG_WARN_BLOCK_CAPTURE_AUTORELEASING = YES;
				CLANG_WARN_BOOL_CONVERSION = YES;
				CLANG_WARN_COMMA = YES;
				CLANG_WARN_CONSTANT_CONVERSION = YES;
				CLANG_WARN_DEPRECATED_OBJC_IMPLEMENTATIONS = YES;
				CLANG_WARN_DIRECT_OBJC_ISA_USAGE = YES_ERROR;
				CLANG_WARN_DOCUMENTATION_COMMENTS = YES;
				CLANG_WARN_EMPTY_BODY = YES;
				CLANG_WARN_ENUM_CONVERSION = YES;
				CLANG_WARN_INFINITE_RECURSION = YES;
				CLANG_WARN_INT_CONVERSION = YES;
				CLANG_WARN_NON_LITERAL_NULL_CONVERSION = YES;
				CLANG_WARN_OBJC_IMPLICIT_RETAIN_SELF = YES;
				CLANG_WARN_OBJC_LITERAL_CONVERSION = YES;
				CLANG_WARN_OBJC_ROOT_CLASS = YES_ERROR;
				CLANG_WARN_RANGE_LOOP_ANALYSIS = YES;
				CLANG_WARN_STRICT_PROTOTYPES = YES;
				CLANG_WARN_SUSPICIOUS_MOVE = YES;
				CLANG_WARN_UNGUARDED_AVAILABILITY = YES_AGGRESSIVE;
				CLANG_WARN_UNREACHABLE_CODE = YES;
				CLANG_WARN__DUPLICATE_METHOD_MATCH = YES;
				CODE_SIGN_IDENTITY = "iPhone Developer";
				COPY_PHASE_STRIP = NO;
				DEBUG_INFORMATION_FORMAT = dwarf;
				ENABLE_STRICT_OBJC_MSGSEND = YES;
				ENABLE_TESTABILITY = YES;
				GCC_C_LANGUAGE_STANDARD = gnu11;
				GCC_DYNAMIC_NO_PIC = NO;
				GCC_NO_COMMON_BLOCKS = YES;
				GCC_OPTIMIZATION_LEVEL = 0;
				GCC_PREPROCESSOR_DEFINITIONS = (
					"DEBUG=1",
					"$(inherited)",
				);
				GCC_WARN_64_TO_32_BIT_CONVERSION = YES;
				GCC_WARN_ABOUT_RETURN_TYPE = YES_ERROR;
				GCC_WARN_UNDECLARED_SELECTOR = YES;
				GCC_WARN_UNINITIALIZED_AUTOS = YES_AGGRESSIVE;
				GCC_WARN_UNUSED_FUNCTION = YES;
				GCC_WARN_UNUSED_VARIABLE = YES;
				IPHONEOS_DEPLOYMENT_TARGET = 12.2;
				MTL_ENABLE_DEBUG_INFO = INCLUDE_SOURCE;
				MTL_FAST_MATH = YES;
				ONLY_ACTIVE_ARCH = YES;
				SDKROOT = iphoneos;
				SWIFT_ACTIVE_COMPILATION_CONDITIONS = DEBUG;
				SWIFT_OPTIMIZATION_LEVEL = "-Onone";
			};
			name = Debug;
		};
		04BDF40222CB37510014CA94 /* Release */ = {
			isa = XCBuildConfiguration;
			buildSettings = {
				ALWAYS_SEARCH_USER_PATHS = NO;
				CLANG_ANALYZER_NONNULL = YES;
				CLANG_ANALYZER_NUMBER_OBJECT_CONVERSION = YES_AGGRESSIVE;
				CLANG_CXX_LANGUAGE_STANDARD = "gnu++14";
				CLANG_CXX_LIBRARY = "libc++";
				CLANG_ENABLE_MODULES = YES;
				CLANG_ENABLE_OBJC_ARC = YES;
				CLANG_ENABLE_OBJC_WEAK = YES;
				CLANG_WARN_BLOCK_CAPTURE_AUTORELEASING = YES;
				CLANG_WARN_BOOL_CONVERSION = YES;
				CLANG_WARN_COMMA = YES;
				CLANG_WARN_CONSTANT_CONVERSION = YES;
				CLANG_WARN_DEPRECATED_OBJC_IMPLEMENTATIONS = YES;
				CLANG_WARN_DIRECT_OBJC_ISA_USAGE = YES_ERROR;
				CLANG_WARN_DOCUMENTATION_COMMENTS = YES;
				CLANG_WARN_EMPTY_BODY = YES;
				CLANG_WARN_ENUM_CONVERSION = YES;
				CLANG_WARN_INFINITE_RECURSION = YES;
				CLANG_WARN_INT_CONVERSION = YES;
				CLANG_WARN_NON_LITERAL_NULL_CONVERSION = YES;
				CLANG_WARN_OBJC_IMPLICIT_RETAIN_SELF = YES;
				CLANG_WARN_OBJC_LITERAL_CONVERSION = YES;
				CLANG_WARN_OBJC_ROOT_CLASS = YES_ERROR;
				CLANG_WARN_RANGE_LOOP_ANALYSIS = YES;
				CLANG_WARN_STRICT_PROTOTYPES = YES;
				CLANG_WARN_SUSPICIOUS_MOVE = YES;
				CLANG_WARN_UNGUARDED_AVAILABILITY = YES_AGGRESSIVE;
				CLANG_WARN_UNREACHABLE_CODE = YES;
				CLANG_WARN__DUPLICATE_METHOD_MATCH = YES;
				CODE_SIGN_IDENTITY = "iPhone Developer";
				COPY_PHASE_STRIP = NO;
				DEBUG_INFORMATION_FORMAT = "dwarf-with-dsym";
				ENABLE_NS_ASSERTIONS = NO;
				ENABLE_STRICT_OBJC_MSGSEND = YES;
				GCC_C_LANGUAGE_STANDARD = gnu11;
				GCC_NO_COMMON_BLOCKS = YES;
				GCC_WARN_64_TO_32_BIT_CONVERSION = YES;
				GCC_WARN_ABOUT_RETURN_TYPE = YES_ERROR;
				GCC_WARN_UNDECLARED_SELECTOR = YES;
				GCC_WARN_UNINITIALIZED_AUTOS = YES_AGGRESSIVE;
				GCC_WARN_UNUSED_FUNCTION = YES;
				GCC_WARN_UNUSED_VARIABLE = YES;
				IPHONEOS_DEPLOYMENT_TARGET = 12.2;
				MTL_ENABLE_DEBUG_INFO = NO;
				MTL_FAST_MATH = YES;
				SDKROOT = iphoneos;
				SWIFT_COMPILATION_MODE = wholemodule;
				SWIFT_OPTIMIZATION_LEVEL = "-O";
				VALIDATE_PRODUCT = YES;
			};
			name = Release;
		};
		04BDF40422CB37510014CA94 /* Debug */ = {
			isa = XCBuildConfiguration;
			buildSettings = {
				ASSETCATALOG_COMPILER_APPICON_NAME = AppIcon;
				CODE_SIGN_STYLE = Automatic;
				DEVELOPMENT_TEAM = P534HN6YB9;
				INFOPLIST_FILE = ContentHuggin/Info.plist;
				LD_RUNPATH_SEARCH_PATHS = (
					"$(inherited)",
					"@executable_path/Frameworks",
				);
				PRODUCT_BUNDLE_IDENTIFIER = com.sigma.ContentHuggin;
				PRODUCT_NAME = "$(TARGET_NAME)";
				SWIFT_VERSION = 5.0;
				TARGETED_DEVICE_FAMILY = "1,2";
			};
			name = Debug;
		};
		04BDF40522CB37510014CA94 /* Release */ = {
			isa = XCBuildConfiguration;
			buildSettings = {
				ASSETCATALOG_COMPILER_APPICON_NAME = AppIcon;
				CODE_SIGN_STYLE = Automatic;
				DEVELOPMENT_TEAM = P534HN6YB9;
				INFOPLIST_FILE = ContentHuggin/Info.plist;
				LD_RUNPATH_SEARCH_PATHS = (
					"$(inherited)",
					"@executable_path/Frameworks",
				);
				PRODUCT_BUNDLE_IDENTIFIER = com.sigma.ContentHuggin;
				PRODUCT_NAME = "$(TARGET_NAME)";
				SWIFT_VERSION = 5.0;
				TARGETED_DEVICE_FAMILY = "1,2";
			};
			name = Release;
		};
/* End XCBuildConfiguration section */

/* Begin XCConfigurationList section */
		04BDF3EC22CB374F0014CA94 /* Build configuration list for PBXProject "ContentHuggin" */ = {
			isa = XCConfigurationList;
			buildConfigurations = (
				04BDF40122CB37510014CA94 /* Debug */,
				04BDF40222CB37510014CA94 /* Release */,
			);
			defaultConfigurationIsVisible = 0;
			defaultConfigurationName = Release;
		};
		04BDF40322CB37510014CA94 /* Build configuration list for PBXNativeTarget "ContentHuggin" */ = {
			isa = XCConfigurationList;
			buildConfigurations = (
				04BDF40422CB37510014CA94 /* Debug */,
				04BDF40522CB37510014CA94 /* Release */,
			);
			defaultConfigurationIsVisible = 0;
			defaultConfigurationName = Release;
		};
/* End XCConfigurationList section */
	};
	rootObject = 04BDF3E922CB374F0014CA94 /* Project object */;
}
